// !$*UTF8*$!
{
	archiveVersion = 1;
	classes = {
	};
	objectVersion = 48;
	objects = {

/* Begin PBXBuildFile section */
		A747FE33210237BE00FD9CCA /* AppDelegate.swift in Sources */ = {isa = PBXBuildFile; fileRef = A747FE32210237BE00FD9CCA /* AppDelegate.swift */; };
		A747FE35210237BE00FD9CCA /* DocumentBrowserViewController.swift in Sources */ = {isa = PBXBuildFile; fileRef = A747FE34210237BE00FD9CCA /* DocumentBrowserViewController.swift */; };
		A747FE37210237BE00FD9CCA /* DocumentViewController.swift in Sources */ = {isa = PBXBuildFile; fileRef = A747FE36210237BE00FD9CCA /* DocumentViewController.swift */; };
		A747FE39210237BE00FD9CCA /* Document.swift in Sources */ = {isa = PBXBuildFile; fileRef = A747FE38210237BE00FD9CCA /* Document.swift */; };
		A747FE3C210237BE00FD9CCA /* Main.storyboard in Resources */ = {isa = PBXBuildFile; fileRef = A747FE3A210237BE00FD9CCA /* Main.storyboard */; };
		A747FE3E210237BF00FD9CCA /* Assets.xcassets in Resources */ = {isa = PBXBuildFile; fileRef = A747FE3D210237BF00FD9CCA /* Assets.xcassets */; };
		A747FE41210237BF00FD9CCA /* LaunchScreen.storyboard in Resources */ = {isa = PBXBuildFile; fileRef = A747FE3F210237BF00FD9CCA /* LaunchScreen.storyboard */; };
/* End PBXBuildFile section */

/* Begin PBXFileReference section */
		A747FE2F210237BD00FD9CCA /* EmojiArt new.app */ = {isa = PBXFileReference; explicitFileType = wrapper.application; includeInIndex = 0; path = "EmojiArt new.app"; sourceTree = BUILT_PRODUCTS_DIR; };
		A747FE32210237BE00FD9CCA /* AppDelegate.swift */ = {isa = PBXFileReference; lastKnownFileType = sourcecode.swift; path = AppDelegate.swift; sourceTree = "<group>"; };
		A747FE34210237BE00FD9CCA /* DocumentBrowserViewController.swift */ = {isa = PBXFileReference; lastKnownFileType = sourcecode.swift; path = DocumentBrowserViewController.swift; sourceTree = "<group>"; };
		A747FE36210237BE00FD9CCA /* DocumentViewController.swift */ = {isa = PBXFileReference; lastKnownFileType = sourcecode.swift; path = DocumentViewController.swift; sourceTree = "<group>"; };
		A747FE38210237BE00FD9CCA /* Document.swift */ = {isa = PBXFileReference; lastKnownFileType = sourcecode.swift; path = Document.swift; sourceTree = "<group>"; };
		A747FE3B210237BE00FD9CCA /* Base */ = {isa = PBXFileReference; lastKnownFileType = file.storyboard; name = Base; path = Base.lproj/Main.storyboard; sourceTree = "<group>"; };
		A747FE3D210237BF00FD9CCA /* Assets.xcassets */ = {isa = PBXFileReference; lastKnownFileType = folder.assetcatalog; path = Assets.xcassets; sourceTree = "<group>"; };
		A747FE40210237BF00FD9CCA /* Base */ = {isa = PBXFileReference; lastKnownFileType = file.storyboard; name = Base; path = Base.lproj/LaunchScreen.storyboard; sourceTree = "<group>"; };
		A747FE42210237BF00FD9CCA /* Info.plist */ = {isa = PBXFileReference; lastKnownFileType = text.plist.xml; path = Info.plist; sourceTree = "<group>"; };
/* End PBXFileReference section */

/* Begin PBXFrameworksBuildPhase section */
		A747FE2C210237BD00FD9CCA /* Frameworks */ = {
			isa = PBXFrameworksBuildPhase;
			buildActionMask = 2147483647;
			files = (
			);
			runOnlyForDeploymentPostprocessing = 0;
		};
/* End PBXFrameworksBuildPhase section */

/* Begin PBXGroup section */
		A747FE26210237BD00FD9CCA = {
			isa = PBXGroup;
			children = (
				A747FE31210237BD00FD9CCA /* EmojiArt new */,
				A747FE30210237BD00FD9CCA /* Products */,
			);
			sourceTree = "<group>";
		};
		A747FE30210237BD00FD9CCA /* Products */ = {
			isa = PBXGroup;
			children = (
				A747FE2F210237BD00FD9CCA /* EmojiArt new.app */,
			);
			name = Products;
			sourceTree = "<group>";
		};
		A747FE31210237BD00FD9CCA /* EmojiArt new */ = {
			isa = PBXGroup;
			children = (
				A747FE32210237BE00FD9CCA /* AppDelegate.swift */,
				A747FE34210237BE00FD9CCA /* DocumentBrowserViewController.swift */,
				A747FE36210237BE00FD9CCA /* DocumentViewController.swift */,
				A747FE38210237BE00FD9CCA /* Document.swift */,
				A747FE3A210237BE00FD9CCA /* Main.storyboard */,
				A747FE3D210237BF00FD9CCA /* Assets.xcassets */,
				A747FE3F210237BF00FD9CCA /* LaunchScreen.storyboard */,
				A747FE42210237BF00FD9CCA /* Info.plist */,
			);
			path = "EmojiArt new";
			sourceTree = "<group>";
		};
/* End PBXGroup section */

/* Begin PBXNativeTarget section */
		A747FE2E210237BD00FD9CCA /* EmojiArt new */ = {
			isa = PBXNativeTarget;
			buildConfigurationList = A747FE45210237BF00FD9CCA /* Build configuration list for PBXNativeTarget "EmojiArt new" */;
			buildPhases = (
				A747FE2B210237BD00FD9CCA /* Sources */,
				A747FE2C210237BD00FD9CCA /* Frameworks */,
				A747FE2D210237BD00FD9CCA /* Resources */,
			);
			buildRules = (
			);
			dependencies = (
			);
			name = "EmojiArt new";
			productName = "EmojiArt new";
			productReference = A747FE2F210237BD00FD9CCA /* EmojiArt new.app */;
			productType = "com.apple.product-type.application";
		};
/* End PBXNativeTarget section */

/* Begin PBXProject section */
		A747FE27210237BD00FD9CCA /* Project object */ = {
			isa = PBXProject;
			attributes = {
				LastSwiftUpdateCheck = 0920;
				LastUpgradeCheck = 0920;
				ORGANIZATIONNAME = AhmedZlazel;
				TargetAttributes = {
					A747FE2E210237BD00FD9CCA = {
						CreatedOnToolsVersion = 9.2;
						ProvisioningStyle = Automatic;
					};
				};
			};
			buildConfigurationList = A747FE2A210237BD00FD9CCA /* Build configuration list for PBXProject "EmojiArt new" */;
			compatibilityVersion = "Xcode 8.0";
			developmentRegion = en;
			hasScannedForEncodings = 0;
			knownRegions = (
				en,
				Base,
			);
			mainGroup = A747FE26210237BD00FD9CCA;
			productRefGroup = A747FE30210237BD00FD9CCA /* Products */;
			projectDirPath = "";
			projectRoot = "";
			targets = (
				A747FE2E210237BD00FD9CCA /* EmojiArt new */,
			);
		};
/* End PBXProject section */

/* Begin PBXResourcesBuildPhase section */
		A747FE2D210237BD00FD9CCA /* Resources */ = {
			isa = PBXResourcesBuildPhase;
			buildActionMask = 2147483647;
			files = (
				A747FE41210237BF00FD9CCA /* LaunchScreen.storyboard in Resources */,
				A747FE3E210237BF00FD9CCA /* Assets.xcassets in Resources */,
				A747FE3C210237BE00FD9CCA /* Main.storyboard in Resources */,
			);
			runOnlyForDeploymentPostprocessing = 0;
		};
/* End PBXResourcesBuildPhase section */

/* Begin PBXSourcesBuildPhase section */
		A747FE2B210237BD00FD9CCA /* Sources */ = {
			isa = PBXSourcesBuildPhase;
			buildActionMask = 2147483647;
			files = (
				A747FE39210237BE00FD9CCA /* Document.swift in Sources */,
				A747FE37210237BE00FD9CCA /* DocumentViewController.swift in Sources */,
				A747FE35210237BE00FD9CCA /* DocumentBrowserViewController.swift in Sources */,
				A747FE33210237BE00FD9CCA /* AppDelegate.swift in Sources */,
			);
			runOnlyForDeploymentPostprocessing = 0;
		};
/* End PBXSourcesBuildPhase section */

/* Begin PBXVariantGroup section */
		A747FE3A210237BE00FD9CCA /* Main.storyboard */ = {
			isa = PBXVariantGroup;
			children = (
				A747FE3B210237BE00FD9CCA /* Base */,
			);
			name = Main.storyboard;
			sourceTree = "<group>";
		};
		A747FE3F210237BF00FD9CCA /* LaunchScreen.storyboard */ = {
			isa = PBXVariantGroup;
			children = (
				A747FE40210237BF00FD9CCA /* Base */,
			);
			name = LaunchScreen.storyboard;
			sourceTree = "<group>";
		};
/* End PBXVariantGroup section */

/* Begin XCBuildConfiguration section */
		A747FE43210237BF00FD9CCA /* Debug */ = {
			isa = XCBuildConfiguration;
			buildSettings = {
				ALWAYS_SEARCH_USER_PATHS = NO;
				CLANG_ANALYZER_NONNULL = YES;
				CLANG_ANALYZER_NUMBER_OBJECT_CONVERSION = YES_AGGRESSIVE;
				CLANG_CXX_LANGUAGE_STANDARD = "gnu++14";
				CLANG_CXX_LIBRARY = "libc++";
				CLANG_ENABLE_MODULES = YES;
				CLANG_ENABLE_OBJC_ARC = YES;
				CLANG_WARN_BLOCK_CAPTURE_AUTORELEASING = YES;
				CLANG_WARN_BOOL_CONVERSION = YES;
				CLANG_WARN_COMMA = YES;
				CLANG_WARN_CONSTANT_CONVERSION = YES;
				CLANG_WARN_DIRECT_OBJC_ISA_USAGE = YES_ERROR;
				CLANG_WARN_DOCUMENTATION_COMMENTS = YES;
				CLANG_WARN_EMPTY_BODY = YES;
				CLANG_WARN_ENUM_CONVERSION = YES;
				CLANG_WARN_INFINITE_RECURSION = YES;
				CLANG_WARN_INT_CONVERSION = YES;
				CLANG_WARN_NON_LITERAL_NULL_CONVERSION = YES;
				CLANG_WARN_OBJC_LITERAL_CONVERSION = YES;
				CLANG_WARN_OBJC_ROOT_CLASS = YES_ERROR;
				CLANG_WARN_RANGE_LOOP_ANALYSIS = YES;
				CLANG_WARN_STRICT_PROTOTYPES = YES;
				CLANG_WARN_SUSPICIOUS_MOVE = YES;
				CLANG_WARN_UNGUARDED_AVAILABILITY = YES_AGGRESSIVE;
				CLANG_WARN_UNREACHABLE_CODE = YES;
				CLANG_WARN__DUPLICATE_METHOD_MATCH = YES;
				CODE_SIGN_IDENTITY = "iPhone Developer";
				COPY_PHASE_STRIP = NO;
				DEBUG_INFORMATION_FORMAT = dwarf;
				ENABLE_STRICT_OBJC_MSGSEND = YES;
				ENABLE_TESTABILITY = YES;
				GCC_C_LANGUAGE_STANDARD = gnu11;
				GCC_DYNAMIC_NO_PIC = NO;
				GCC_NO_COMMON_BLOCKS = YES;
				GCC_OPTIMIZATION_LEVEL = 0;
				GCC_PREPROCESSOR_DEFINITIONS = (
					"DEBUG=1",
					"$(inherited)",
				);
				GCC_WARN_64_TO_32_BIT_CONVERSION = YES;
				GCC_WARN_ABOUT_RETURN_TYPE = YES_ERROR;
				GCC_WARN_UNDECLARED_SELECTOR = YES;
				GCC_WARN_UNINITIALIZED_AUTOS = YES_AGGRESSIVE;
				GCC_WARN_UNUSED_FUNCTION = YES;
				GCC_WARN_UNUSED_VARIABLE = YES;
				IPHONEOS_DEPLOYMENT_TARGET = 11.2;
				MTL_ENABLE_DEBUG_INFO = YES;
				ONLY_ACTIVE_ARCH = YES;
				SDKROOT = iphoneos;
				SWIFT_ACTIVE_COMPILATION_CONDITIONS = DEBUG;
				SWIFT_OPTIMIZATION_LEVEL = "-Onone";
			};
			name = Debug;
		};
		A747FE44210237BF00FD9CCA /* Release */ = {
			isa = XCBuildConfiguration;
			buildSettings = {
				ALWAYS_SEARCH_USER_PATHS = NO;
				CLANG_ANALYZER_NONNULL = YES;
				CLANG_ANALYZER_NUMBER_OBJECT_CONVERSION = YES_AGGRESSIVE;
				CLANG_CXX_LANGUAGE_STANDARD = "gnu++14";
				CLANG_CXX_LIBRARY = "libc++";
				CLANG_ENABLE_MODULES = YES;
				CLANG_ENABLE_OBJC_ARC = YES;
				CLANG_WARN_BLOCK_CAPTURE_AUTORELEASING = YES;
				CLANG_WARN_BOOL_CONVERSION = YES;
				CLANG_WARN_COMMA = YES;
				CLANG_WARN_CONSTANT_CONVERSION = YES;
				CLANG_WARN_DIRECT_OBJC_ISA_USAGE = YES_ERROR;
				CLANG_WARN_DOCUMENTATION_COMMENTS = YES;
				CLANG_WARN_EMPTY_BODY = YES;
				CLANG_WARN_ENUM_CONVERSION = YES;
				CLANG_WARN_INFINITE_RECURSION = YES;
				CLANG_WARN_INT_CONVERSION = YES;
				CLANG_WARN_NON_LITERAL_NULL_CONVERSION = YES;
				CLANG_WARN_OBJC_LITERAL_CONVERSION = YES;
				CLANG_WARN_OBJC_ROOT_CLASS = YES_ERROR;
				CLANG_WARN_RANGE_LOOP_ANALYSIS = YES;
				CLANG_WARN_STRICT_PROTOTYPES = YES;
				CLANG_WARN_SUSPICIOUS_MOVE = YES;
				CLANG_WARN_UNGUARDED_AVAILABILITY = YES_AGGRESSIVE;
				CLANG_WARN_UNREACHABLE_CODE = YES;
				CLANG_WARN__DUPLICATE_METHOD_MATCH = YES;
				CODE_SIGN_IDENTITY = "iPhone Developer";
				COPY_PHASE_STRIP = NO;
				DEBUG_INFORMATION_FORMAT = "dwarf-with-dsym";
				ENABLE_NS_ASSERTIONS = NO;
				ENABLE_STRICT_OBJC_MSGSEND = YES;
				GCC_C_LANGUAGE_STANDARD = gnu11;
				GCC_NO_COMMON_BLOCKS = YES;
				GCC_WARN_64_TO_32_BIT_CONVERSION = YES;
				GCC_WARN_ABOUT_RETURN_TYPE = YES_ERROR;
				GCC_WARN_UNDECLARED_SELECTOR = YES;
				GCC_WARN_UNINITIALIZED_AUTOS = YES_AGGRESSIVE;
				GCC_WARN_UNUSED_FUNCTION = YES;
				GCC_WARN_UNUSED_VARIABLE = YES;
				IPHONEOS_DEPLOYMENT_TARGET = 11.2;
				MTL_ENABLE_DEBUG_INFO = NO;
				SDKROOT = iphoneos;
				SWIFT_OPTIMIZATION_LEVEL = "-Owholemodule";
				VALIDATE_PRODUCT = YES;
			};
			name = Release;
		};
		A747FE46210237BF00FD9CCA /* Debug */ = {
			isa = XCBuildConfiguration;
			buildSettings = {
				ASSETCATALOG_COMPILER_APPICON_NAME = AppIcon;
				CODE_SIGN_STYLE = Automatic;
				INFOPLIST_FILE = "EmojiArt new/Info.plist";
				LD_RUNPATH_SEARCH_PATHS = "$(inherited) @executable_path/Frameworks";
				PRODUCT_BUNDLE_IDENTIFIER = "freelancer.EmojiArt-new";
				PRODUCT_NAME = "$(TARGET_NAME)";
				SWIFT_VERSION = 4.0;
				TARGETED_DEVICE_FAMILY = "1,2";
			};
			name = Debug;
		};
		A747FE47210237BF00FD9CCA /* Release */ = {
			isa = XCBuildConfiguration;
			buildSettings = {
				ASSETCATALOG_COMPILER_APPICON_NAME = AppIcon;
				CODE_SIGN_STYLE = Automatic;
				INFOPLIST_FILE = "EmojiArt new/Info.plist";
				LD_RUNPATH_SEARCH_PATHS = "$(inherited) @executable_path/Frameworks";
				PRODUCT_BUNDLE_IDENTIFIER = "freelancer.EmojiArt-new";
				PRODUCT_NAME = "$(TARGET_NAME)";
				SWIFT_VERSION = 4.0;
				TARGETED_DEVICE_FAMILY = "1,2";
			};
			name = Release;
		};
/* End XCBuildConfiguration section */

/* Begin XCConfigurationList section */
		A747FE2A210237BD00FD9CCA /* Build configuration list for PBXProject "EmojiArt new" */ = {
			isa = XCConfigurationList;
			buildConfigurations = (
				A747FE43210237BF00FD9CCA /* Debug */,
				A747FE44210237BF00FD9CCA /* Release */,
			);
			defaultConfigurationIsVisible = 0;
			defaultConfigurationName = Release;
		};
		A747FE45210237BF00FD9CCA /* Build configuration list for PBXNativeTarget "EmojiArt new" */ = {
			isa = XCConfigurationList;
			buildConfigurations = (
				A747FE46210237BF00FD9CCA /* Debug */,
				A747FE47210237BF00FD9CCA /* Release */,
			);
			defaultConfigurationIsVisible = 0;
			defaultConfigurationName = Release;
		};
/* End XCConfigurationList section */
	};
	rootObject = A747FE27210237BD00FD9CCA /* Project object */;
}
